github.com/aarzilli/golua v0.0.0-20210507130708-11106aa57765/go.mod h1:hMjfaJVSqVnxenMlsxrq3Ni+vrm9Hs64tU4M7dhUoO4=
github.com/aarzilli/golua v0.0.0-20241031084612-1841fa0eb05c h1:b/NC0JqgcVNDqlx/ExFm6oNxyIzjY1RVuz7F9QVx2KQ=
github.com/aarzilli/golua v0.0.0-20241031084612-1841fa0eb05c/go.mod h1:hMjfaJVSqVnxenMlsxrq3Ni+vrm9Hs64tU4M7dhUoO4=
github.com/mrnavastar/lunatico v0.0.0-20241108205912-a2803489c640 h1:UOWwVRfbNT1wbG/457/7wiYe0/Py+loLzST5/t2i10c=
github.com/mrnavastar/lunatico v0.0.0-20241108205912-a2803489c640/go.mod h1:FTn6YTf9Nxni89iOVLX89wbnowET+F+JDHVHt9cIjXg=
