github.com/aarzilli/golua v0.0.0-20241031084612-1841fa0eb05c h1:b/NC0JqgcVNDqlx/ExFm6oNxyIzjY1RVuz7F9QVx2KQ=
github.com/aarzilli/golua v0.0.0-20241031084612-1841fa0eb05c/go.mod h1:hMjfaJVSqVnxenMlsxrq3Ni+vrm9Hs64tU4M7dhUoO4=
github.com/stevedonovan/luar v0.0.0-20170518170841-22d247e53660 h1:BQU7miOzJXmSUHa5oLf0b88kRgUgTeFsoc8i9uAV8zA=
github.com/stevedonovan/luar v0.0.0-20170518170841-22d247e53660/go.mod h1:LtHI5GcaXL3NPbZWY1Z6FAG62hWY8syhRGtD7feyN7E=
